
Microsoft Visual Studio Solution File, Format Version 12.00
# Visual Studio Version 16
VisualStudioVersion = 16.0.29424.173
MinimumVisualStudioVersion = 10.0.40219.1
Project("{FAE04EC0-301F-11D3-BF4B-00C04F79EFBC}") = "KaniTietoKantaAPI", "KaniTietoKantaAPI\KaniTietoKantaAPI.csproj", "{C187A483-B815-49E1-ADFA-A4A875075642}"
EndProject
Project("{FAE04EC0-301F-11D3-BF4B-00C04F79EFBC}") = "KaniTietoKantaMVC", "KaniTietoKantaMVC\KaniTietoKantaMVC.csproj", "{DCBE39F2-5EEE-4B93-9DBC-88EF3E3D4F85}"
EndProject
Global
	GlobalSection(SolutionConfigurationPlatforms) = preSolution
		Debug|Any CPU = Debug|Any CPU
		Release|Any CPU = Release|Any CPU
	EndGlobalSection
	GlobalSection(ProjectConfigurationPlatforms) = postSolution
		{C187A483-B815-49E1-ADFA-A4A875075642}.Debug|Any CPU.ActiveCfg = Debug|Any CPU
		{C187A483-B815-49E1-ADFA-A4A875075642}.Debug|Any CPU.Build.0 = Debug|Any CPU
		{C187A483-B815-49E1-ADFA-A4A875075642}.Release|Any CPU.ActiveCfg = Release|Any CPU
		{C187A483-B815-49E1-ADFA-A4A875075642}.Release|Any CPU.Build.0 = Release|Any CPU
		{DCBE39F2-5EEE-4B93-9DBC-88EF3E3D4F85}.Debug|Any CPU.ActiveCfg = Debug|Any CPU
		{DCBE39F2-5EEE-4B93-9DBC-88EF3E3D4F85}.Debug|Any CPU.Build.0 = Debug|Any CPU
		{DCBE39F2-5EEE-4B93-9DBC-88EF3E3D4F85}.Release|Any CPU.ActiveCfg = Release|Any CPU
		{DCBE39F2-5EEE-4B93-9DBC-88EF3E3D4F85}.Release|Any CPU.Build.0 = Release|Any CPU
	EndGlobalSection
	GlobalSection(SolutionProperties) = preSolution
		HideSolutionNode = FALSE
	EndGlobalSection
	GlobalSection(ExtensibilityGlobals) = postSolution
		SolutionGuid = {713957B4-EF37-4740-A6D4-46BF2E11A215}
	EndGlobalSection
EndGlobal
